cosmossdk.io/api v0.7.4 h1:sPo8wKwCty1lht8kgL3J7YL1voJywP3YWuA5JKkBz30=
cosmossdk.io/api v0.7.4/go.mod h1:IcxpYS5fMemZGqyYtErK7OqvdM0C8kdW3dq8Q/XIG38=
cosmossdk.io/client/v2 v2.0.0-beta.1 h1:XkHh1lhrLYIT9zKl7cIOXUXg2hdhtjTPBUfqERNA1/Q=
cosmossdk.io/client/v2 v2.0.0-beta.1/go.mod h1:JEUSu9moNZQ4kU3ir1DKD5eU4bllmAexrGWjmb9k8qU=
